# This file is automatically @generated by Cargo.
# It is not intended for manual editing.
version = 3

[[package]]
name = "codegen"
version = "0.1.0"
dependencies = [
 "lib-ruby-parser-nodes",
]

[[package]]
name = "lib-ruby-parser-nodes"
version = "0.38.0"
source = "registry+https://github.com/rust-lang/crates.io-index"
checksum = "2bb94cb29325d437ea0e9f901f91a9983986ba59e6a07bbc98adc38da595d922"
